
Microsoft Visual Studio Solution File, Format Version 11.00
# Visual Studio 2010
Project("{FAE04EC0-301F-11D3-BF4B-00C04F79EFBC}") = "WebPresentations", "WebPresentations\WebPresentations.csproj", "{FE6DFA03-3983-49F5-87B7-737DBDE2E537}"
EndProject
Project("{FAE04EC0-301F-11D3-BF4B-00C04F79EFBC}") = "WebPresentations.Tests", "WebPresentations.Tests\WebPresentations.Tests.csproj", "{C1545C71-A1C5-4AED-AD45-4788784B7872}"
EndProject
Project("{2150E333-8FDC-42A3-9474-1A3956D46DE8}") = "Solution Items", "Solution Items", "{301847D6-2643-4286-95C8-C903253775FE}"
	ProjectSection(SolutionItems) = preProject
		Local.testsettings = Local.testsettings
		TraceAndTestImpact.testsettings = TraceAndTestImpact.testsettings
		WebPresentations.vsmdi = WebPresentations.vsmdi
	EndProjectSection
EndProject
Global
	GlobalSection(TestCaseManagementSettings) = postSolution
		CategoryFile = WebPresentations.vsmdi
	EndGlobalSection
	GlobalSection(SolutionConfigurationPlatforms) = preSolution
		Debug|Any CPU = Debug|Any CPU
		Release|Any CPU = Release|Any CPU
	EndGlobalSection
	GlobalSection(ProjectConfigurationPlatforms) = postSolution
		{FE6DFA03-3983-49F5-87B7-737DBDE2E537}.Debug|Any CPU.ActiveCfg = Debug|Any CPU
		{FE6DFA03-3983-49F5-87B7-737DBDE2E537}.Debug|Any CPU.Build.0 = Debug|Any CPU
		{FE6DFA03-3983-49F5-87B7-737DBDE2E537}.Release|Any CPU.ActiveCfg = Release|Any CPU
		{FE6DFA03-3983-49F5-87B7-737DBDE2E537}.Release|Any CPU.Build.0 = Release|Any CPU
		{C1545C71-A1C5-4AED-AD45-4788784B7872}.Debug|Any CPU.ActiveCfg = Debug|Any CPU
		{C1545C71-A1C5-4AED-AD45-4788784B7872}.Debug|Any CPU.Build.0 = Debug|Any CPU
		{C1545C71-A1C5-4AED-AD45-4788784B7872}.Release|Any CPU.ActiveCfg = Release|Any CPU
		{C1545C71-A1C5-4AED-AD45-4788784B7872}.Release|Any CPU.Build.0 = Release|Any CPU
	EndGlobalSection
	GlobalSection(SolutionProperties) = preSolution
		HideSolutionNode = FALSE
	EndGlobalSection
EndGlobal
